
Microsoft Visual Studio Solution File, Format Version 12.00
# Visual Studio 15
VisualStudioVersion = 15.0.26730.16
MinimumVisualStudioVersion = 10.0.40219.1
Project("{FAE04EC0-301F-11D3-BF4B-00C04F79EFBC}") = "Doveproducts", "Doveproducts\Doveproducts.csproj", "{B8505DDE-F312-41A2-9B61-B87DE9984AB4}"
EndProject
Global
	GlobalSection(SolutionConfigurationPlatforms) = preSolution
		Debug|Any CPU = Debug|Any CPU
		Release|Any CPU = Release|Any CPU
	EndGlobalSection
	GlobalSection(ProjectConfigurationPlatforms) = postSolution
		{B8505DDE-F312-41A2-9B61-B87DE9984AB4}.Debug|Any CPU.ActiveCfg = Debug|Any CPU
		{B8505DDE-F312-41A2-9B61-B87DE9984AB4}.Debug|Any CPU.Build.0 = Debug|Any CPU
		{B8505DDE-F312-41A2-9B61-B87DE9984AB4}.Release|Any CPU.ActiveCfg = Release|Any CPU
		{B8505DDE-F312-41A2-9B61-B87DE9984AB4}.Release|Any CPU.Build.0 = Release|Any CPU
	EndGlobalSection
	GlobalSection(SolutionProperties) = preSolution
		HideSolutionNode = FALSE
	EndGlobalSection
	GlobalSection(ExtensibilityGlobals) = postSolution
		SolutionGuid = {CC8A7B25-E4B0-4121-97D5-BB9C699493A9}
	EndGlobalSection
EndGlobal
